
Microsoft Visual Studio Solution File, Format Version 12.00
# Visual Studio Version 17
VisualStudioVersion = 17.9.34902.65
MinimumVisualStudioVersion = 10.0.40219.1
Project("{FAE04EC0-301F-11D3-BF4B-00C04F79EFBC}") = "yanh_quiz4_dotnet", "yanh_quiz4_dotnet\yanh_quiz4_dotnet.csproj", "{AFF6B73E-A8BB-49E0-B09D-4862592653BF}"
EndProject
Global
	GlobalSection(SolutionConfigurationPlatforms) = preSolution
		Debug|Any CPU = Debug|Any CPU
		Release|Any CPU = Release|Any CPU
	EndGlobalSection
	GlobalSection(ProjectConfigurationPlatforms) = postSolution
		{AFF6B73E-A8BB-49E0-B09D-4862592653BF}.Debug|Any CPU.ActiveCfg = Debug|Any CPU
		{AFF6B73E-A8BB-49E0-B09D-4862592653BF}.Debug|Any CPU.Build.0 = Debug|Any CPU
		{AFF6B73E-A8BB-49E0-B09D-4862592653BF}.Release|Any CPU.ActiveCfg = Release|Any CPU
		{AFF6B73E-A8BB-49E0-B09D-4862592653BF}.Release|Any CPU.Build.0 = Release|Any CPU
	EndGlobalSection
	GlobalSection(SolutionProperties) = preSolution
		HideSolutionNode = FALSE
	EndGlobalSection
	GlobalSection(ExtensibilityGlobals) = postSolution
		SolutionGuid = {D2A763CA-7089-4FC7-9C0D-28D826889334}
	EndGlobalSection
EndGlobal
